
Microsoft Visual Studio Solution File, Format Version 12.00
# Visual Studio Version 16
VisualStudioVersion = 16.0.28407.52
MinimumVisualStudioVersion = 10.0.40219.1
Project("{8BC9CEB8-8B4A-11D0-8D11-00A0C91BC942}") = "WinWebMerge", "WinWebMerge\WinWebMerge.vcxproj", "{9470B0BF-C97B-4287-BF0F-6CF60EE186D5}"
	ProjectSection(ProjectDependencies) = postProject
		{551AB4A6-2721-48F0-96A4-231BD11032B8} = {551AB4A6-2721-48F0-96A4-231BD11032B8}
	EndProjectSection
EndProject
Project("{8BC9CEB8-8B4A-11D0-8D11-00A0C91BC942}") = "WinWebMergeLib", "WinWebMergeLib\WinWebMergeLib.vcxproj", "{551AB4A6-2721-48F0-96A4-231BD11032B8}"
EndProject
Global
	GlobalSection(SolutionConfigurationPlatforms) = preSolution
		Debug|ARM64 = Debug|ARM64
		Debug|x64 = Debug|x64
		Debug|x86 = Debug|x86
		Release|ARM64 = Release|ARM64
		Release|x64 = Release|x64
		Release|x86 = Release|x86
	EndGlobalSection
	GlobalSection(ProjectConfigurationPlatforms) = postSolution
		{9470B0BF-C97B-4287-BF0F-6CF60EE186D5}.Debug|ARM64.ActiveCfg = Debug|ARM64
		{9470B0BF-C97B-4287-BF0F-6CF60EE186D5}.Debug|ARM64.Build.0 = Debug|ARM64
		{9470B0BF-C97B-4287-BF0F-6CF60EE186D5}.Debug|x64.ActiveCfg = Debug|x64
		{9470B0BF-C97B-4287-BF0F-6CF60EE186D5}.Debug|x64.Build.0 = Debug|x64
		{9470B0BF-C97B-4287-BF0F-6CF60EE186D5}.Debug|x86.ActiveCfg = Debug|Win32
		{9470B0BF-C97B-4287-BF0F-6CF60EE186D5}.Debug|x86.Build.0 = Debug|Win32
		{9470B0BF-C97B-4287-BF0F-6CF60EE186D5}.Release|ARM64.ActiveCfg = Release|ARM64
		{9470B0BF-C97B-4287-BF0F-6CF60EE186D5}.Release|ARM64.Build.0 = Release|ARM64
		{9470B0BF-C97B-4287-BF0F-6CF60EE186D5}.Release|x64.ActiveCfg = Release|x64
		{9470B0BF-C97B-4287-BF0F-6CF60EE186D5}.Release|x64.Build.0 = Release|x64
		{9470B0BF-C97B-4287-BF0F-6CF60EE186D5}.Release|x86.ActiveCfg = Release|Win32
		{9470B0BF-C97B-4287-BF0F-6CF60EE186D5}.Release|x86.Build.0 = Release|Win32
		{551AB4A6-2721-48F0-96A4-231BD11032B8}.Debug|ARM64.ActiveCfg = Debug|ARM64
		{551AB4A6-2721-48F0-96A4-231BD11032B8}.Debug|ARM64.Build.0 = Debug|ARM64
		{551AB4A6-2721-48F0-96A4-231BD11032B8}.Debug|x64.ActiveCfg = Debug|x64
		{551AB4A6-2721-48F0-96A4-231BD11032B8}.Debug|x64.Build.0 = Debug|x64
		{551AB4A6-2721-48F0-96A4-231BD11032B8}.Debug|x86.ActiveCfg = Debug|Win32
		{551AB4A6-2721-48F0-96A4-231BD11032B8}.Debug|x86.Build.0 = Debug|Win32
		{551AB4A6-2721-48F0-96A4-231BD11032B8}.Release|ARM64.ActiveCfg = Release|ARM64
		{551AB4A6-2721-48F0-96A4-231BD11032B8}.Release|ARM64.Build.0 = Release|ARM64
		{551AB4A6-2721-48F0-96A4-231BD11032B8}.Release|x64.ActiveCfg = Release|x64
		{551AB4A6-2721-48F0-96A4-231BD11032B8}.Release|x64.Build.0 = Release|x64
		{551AB4A6-2721-48F0-96A4-231BD11032B8}.Release|x86.ActiveCfg = Release|Win32
		{551AB4A6-2721-48F0-96A4-231BD11032B8}.Release|x86.Build.0 = Release|Win32
	EndGlobalSection
	GlobalSection(SolutionProperties) = preSolution
		HideSolutionNode = FALSE
	EndGlobalSection
	GlobalSection(ExtensibilityGlobals) = postSolution
		SolutionGuid = {A502EF8E-6747-423C-84AA-2E5971ACF440}
	EndGlobalSection
EndGlobal
